// !$*UTF8*$!
{
	archiveVersion = 1;
	classes = {
	};
	objectVersion = 50;
	objects = {

/* Begin PBXBuildFile section */
		61CEC422257D113F00BB38F2 /* Home.storyboard in Resources */ = {isa = PBXBuildFile; fileRef = 61CEC421257D113F00BB38F2 /* Home.storyboard */; };
		61CEC427257FD4FC00BB38F2 /* Heroe.swift in Sources */ = {isa = PBXBuildFile; fileRef = 61CEC426257FD4FC00BB38F2 /* Heroe.swift */; };
		61CEC42B257FDBAC00BB38F2 /* HeoreCellView.swift in Sources */ = {isa = PBXBuildFile; fileRef = 61CEC42A257FDBAC00BB38F2 /* HeoreCellView.swift */; };
		61CEC42E2584D35200BB38F2 /* Villano.swift in Sources */ = {isa = PBXBuildFile; fileRef = 61CEC42D2584D35200BB38F2 /* Villano.swift */; };
		61CEC431258611D100BB38F2 /* VillanoCellView.swift in Sources */ = {isa = PBXBuildFile; fileRef = 61CEC430258611D100BB38F2 /* VillanoCellView.swift */; };
		61CEC43925863E1B00BB38F2 /* VillanoViewController.swift in Sources */ = {isa = PBXBuildFile; fileRef = 61CEC43825863E1B00BB38F2 /* VillanoViewController.swift */; };
		61CEC48825865C1400BB38F2 /* AvengersHome.storyboard in Resources */ = {isa = PBXBuildFile; fileRef = 61CEC48725865C1400BB38F2 /* AvengersHome.storyboard */; };
		61D934B6257CEF2C0090E3FC /* AppDelegate.swift in Sources */ = {isa = PBXBuildFile; fileRef = 61D934B5257CEF2C0090E3FC /* AppDelegate.swift */; };
		61D934B8257CEF2C0090E3FC /* SceneDelegate.swift in Sources */ = {isa = PBXBuildFile; fileRef = 61D934B7257CEF2C0090E3FC /* SceneDelegate.swift */; };
		61D934BA257CEF2C0090E3FC /* SplashViewController.swift in Sources */ = {isa = PBXBuildFile; fileRef = 61D934B9257CEF2C0090E3FC /* SplashViewController.swift */; };
		61D934BD257CEF2C0090E3FC /* Main.storyboard in Resources */ = {isa = PBXBuildFile; fileRef = 61D934BB257CEF2C0090E3FC /* Main.storyboard */; };
		61D934BF257CEF310090E3FC /* Assets.xcassets in Resources */ = {isa = PBXBuildFile; fileRef = 61D934BE257CEF310090E3FC /* Assets.xcassets */; };
		61D934C2257CEF310090E3FC /* LaunchScreen.storyboard in Resources */ = {isa = PBXBuildFile; fileRef = 61D934C0257CEF310090E3FC /* LaunchScreen.storyboard */; };
		61D934D0257D09210090E3FC /* HomeViewController.swift in Sources */ = {isa = PBXBuildFile; fileRef = 61D934CF257D09210090E3FC /* HomeViewController.swift */; };
/* End PBXBuildFile section */

/* Begin PBXFileReference section */
		61CEC421257D113F00BB38F2 /* Home.storyboard */ = {isa = PBXFileReference; lastKnownFileType = file.storyboard; path = Home.storyboard; sourceTree = "<group>"; };
		61CEC426257FD4FC00BB38F2 /* Heroe.swift */ = {isa = PBXFileReference; lastKnownFileType = sourcecode.swift; path = Heroe.swift; sourceTree = "<group>"; };
		61CEC42A257FDBAC00BB38F2 /* HeoreCellView.swift */ = {isa = PBXFileReference; lastKnownFileType = sourcecode.swift; path = HeoreCellView.swift; sourceTree = "<group>"; };
		61CEC42D2584D35200BB38F2 /* Villano.swift */ = {isa = PBXFileReference; lastKnownFileType = sourcecode.swift; path = Villano.swift; sourceTree = "<group>"; };
		61CEC430258611D100BB38F2 /* VillanoCellView.swift */ = {isa = PBXFileReference; lastKnownFileType = sourcecode.swift; path = VillanoCellView.swift; sourceTree = "<group>"; };
		61CEC43825863E1B00BB38F2 /* VillanoViewController.swift */ = {isa = PBXFileReference; lastKnownFileType = sourcecode.swift; path = VillanoViewController.swift; sourceTree = "<group>"; };
		61CEC48725865C1400BB38F2 /* AvengersHome.storyboard */ = {isa = PBXFileReference; fileEncoding = 4; lastKnownFileType = file.storyboard; path = AvengersHome.storyboard; sourceTree = "<group>"; };
		61D934B2257CEF2C0090E3FC /* Practica_iOS.app */ = {isa = PBXFileReference; explicitFileType = wrapper.application; includeInIndex = 0; path = Practica_iOS.app; sourceTree = BUILT_PRODUCTS_DIR; };
		61D934B5257CEF2C0090E3FC /* AppDelegate.swift */ = {isa = PBXFileReference; lastKnownFileType = sourcecode.swift; path = AppDelegate.swift; sourceTree = "<group>"; };
		61D934B7257CEF2C0090E3FC /* SceneDelegate.swift */ = {isa = PBXFileReference; lastKnownFileType = sourcecode.swift; path = SceneDelegate.swift; sourceTree = "<group>"; };
		61D934B9257CEF2C0090E3FC /* SplashViewController.swift */ = {isa = PBXFileReference; lastKnownFileType = sourcecode.swift; path = SplashViewController.swift; sourceTree = "<group>"; };
		61D934BC257CEF2C0090E3FC /* Base */ = {isa = PBXFileReference; lastKnownFileType = file.storyboard; name = Base; path = Base.lproj/Main.storyboard; sourceTree = "<group>"; };
		61D934BE257CEF310090E3FC /* Assets.xcassets */ = {isa = PBXFileReference; lastKnownFileType = folder.assetcatalog; path = Assets.xcassets; sourceTree = "<group>"; };
		61D934C1257CEF310090E3FC /* Base */ = {isa = PBXFileReference; lastKnownFileType = file.storyboard; name = Base; path = Base.lproj/LaunchScreen.storyboard; sourceTree = "<group>"; };
		61D934C3257CEF310090E3FC /* Info.plist */ = {isa = PBXFileReference; lastKnownFileType = text.plist.xml; path = Info.plist; sourceTree = "<group>"; };
		61D934CF257D09210090E3FC /* HomeViewController.swift */ = {isa = PBXFileReference; lastKnownFileType = sourcecode.swift; path = HomeViewController.swift; sourceTree = "<group>"; };
/* End PBXFileReference section */

/* Begin PBXFrameworksBuildPhase section */
		61D934AF257CEF2C0090E3FC /* Frameworks */ = {
			isa = PBXFrameworksBuildPhase;
			buildActionMask = 2147483647;
			files = (
			);
			runOnlyForDeploymentPostprocessing = 0;
		};
/* End PBXFrameworksBuildPhase section */

/* Begin PBXGroup section */
		61CEC425257FD4B900BB38F2 /* Model */ = {
			isa = PBXGroup;
			children = (
				61CEC426257FD4FC00BB38F2 /* Heroe.swift */,
				61CEC42D2584D35200BB38F2 /* Villano.swift */,
			);
			path = Model;
			sourceTree = "<group>";
		};
		61CEC429257FDB8F00BB38F2 /* Cells */ = {
			isa = PBXGroup;
			children = (
				61CEC42A257FDBAC00BB38F2 /* HeoreCellView.swift */,
				61CEC430258611D100BB38F2 /* VillanoCellView.swift */,
			);
			path = Cells;
			sourceTree = "<group>";
		};
		61D934A9257CEF2C0090E3FC = {
			isa = PBXGroup;
			children = (
				61D934B4257CEF2C0090E3FC /* Practica_iOS */,
				61D934B3257CEF2C0090E3FC /* Products */,
			);
			sourceTree = "<group>";
		};
		61D934B3257CEF2C0090E3FC /* Products */ = {
			isa = PBXGroup;
			children = (
				61D934B2257CEF2C0090E3FC /* Practica_iOS.app */,
			);
			name = Products;
			sourceTree = "<group>";
		};
		61D934B4257CEF2C0090E3FC /* Practica_iOS */ = {
			isa = PBXGroup;
			children = (
				61D934C3257CEF310090E3FC /* Info.plist */,
				61CEC425257FD4B900BB38F2 /* Model */,
				61D934CC257CFE0C0090E3FC /* Playgrounds */,
				61D934CB257CFDF80090E3FC /* Apps */,
				61D934CA257CEFD50090E3FC /* Controllers */,
			);
			path = Practica_iOS;
			sourceTree = "<group>";
		};
		61D934CA257CEFD50090E3FC /* Controllers */ = {
			isa = PBXGroup;
			children = (
				61CEC43825863E1B00BB38F2 /* VillanoViewController.swift */,
				61D934CF257D09210090E3FC /* HomeViewController.swift */,
				61D934B9257CEF2C0090E3FC /* SplashViewController.swift */,
				61CEC429257FDB8F00BB38F2 /* Cells */,
			);
			path = Controllers;
			sourceTree = "<group>";
		};
		61D934CB257CFDF80090E3FC /* Apps */ = {
			isa = PBXGroup;
			children = (
				61D934B7257CEF2C0090E3FC /* SceneDelegate.swift */,
				61D934B5257CEF2C0090E3FC /* AppDelegate.swift */,
			);
			path = Apps;
			sourceTree = "<group>";
		};
		61D934CC257CFE0C0090E3FC /* Playgrounds */ = {
			isa = PBXGroup;
			children = (
				61D934BB257CEF2C0090E3FC /* Main.storyboard */,
				61D934BE257CEF310090E3FC /* Assets.xcassets */,
				61D934C0257CEF310090E3FC /* LaunchScreen.storyboard */,
				61CEC421257D113F00BB38F2 /* Home.storyboard */,
				61CEC48725865C1400BB38F2 /* AvengersHome.storyboard */,
			);
			path = Playgrounds;
			sourceTree = "<group>";
		};
/* End PBXGroup section */

/* Begin PBXNativeTarget section */
		61D934B1257CEF2C0090E3FC /* Practica_iOS */ = {
			isa = PBXNativeTarget;
			buildConfigurationList = 61D934C6257CEF310090E3FC /* Build configuration list for PBXNativeTarget "Practica_iOS" */;
			buildPhases = (
				61D934AE257CEF2C0090E3FC /* Sources */,
				61D934AF257CEF2C0090E3FC /* Frameworks */,
				61D934B0257CEF2C0090E3FC /* Resources */,
			);
			buildRules = (
			);
			dependencies = (
			);
			name = Practica_iOS;
			productName = Practica_iOS;
			productReference = 61D934B2257CEF2C0090E3FC /* Practica_iOS.app */;
			productType = "com.apple.product-type.application";
		};
/* End PBXNativeTarget section */

/* Begin PBXProject section */
		61D934AA257CEF2C0090E3FC /* Project object */ = {
			isa = PBXProject;
			attributes = {
				LastSwiftUpdateCheck = 1220;
				LastUpgradeCheck = 1220;
				TargetAttributes = {
					61D934B1257CEF2C0090E3FC = {
						CreatedOnToolsVersion = 12.2;
					};
				};
			};
			buildConfigurationList = 61D934AD257CEF2C0090E3FC /* Build configuration list for PBXProject "Practica_iOS" */;
			compatibilityVersion = "Xcode 9.3";
			developmentRegion = en;
			hasScannedForEncodings = 0;
			knownRegions = (
				en,
				Base,
			);
			mainGroup = 61D934A9257CEF2C0090E3FC;
			productRefGroup = 61D934B3257CEF2C0090E3FC /* Products */;
			projectDirPath = "";
			projectRoot = "";
			targets = (
				61D934B1257CEF2C0090E3FC /* Practica_iOS */,
			);
		};
/* End PBXProject section */

/* Begin PBXResourcesBuildPhase section */
		61D934B0257CEF2C0090E3FC /* Resources */ = {
			isa = PBXResourcesBuildPhase;
			buildActionMask = 2147483647;
			files = (
				61CEC48825865C1400BB38F2 /* AvengersHome.storyboard in Resources */,
				61D934C2257CEF310090E3FC /* LaunchScreen.storyboard in Resources */,
				61D934BF257CEF310090E3FC /* Assets.xcassets in Resources */,
				61D934BD257CEF2C0090E3FC /* Main.storyboard in Resources */,
				61CEC422257D113F00BB38F2 /* Home.storyboard in Resources */,
			);
			runOnlyForDeploymentPostprocessing = 0;
		};
/* End PBXResourcesBuildPhase section */

/* Begin PBXSourcesBuildPhase section */
		61D934AE257CEF2C0090E3FC /* Sources */ = {
			isa = PBXSourcesBuildPhase;
			buildActionMask = 2147483647;
			files = (
				61CEC431258611D100BB38F2 /* VillanoCellView.swift in Sources */,
				61D934BA257CEF2C0090E3FC /* SplashViewController.swift in Sources */,
				61CEC427257FD4FC00BB38F2 /* Heroe.swift in Sources */,
				61D934B6257CEF2C0090E3FC /* AppDelegate.swift in Sources */,
				61D934B8257CEF2C0090E3FC /* SceneDelegate.swift in Sources */,
				61CEC42B257FDBAC00BB38F2 /* HeoreCellView.swift in Sources */,
				61CEC43925863E1B00BB38F2 /* VillanoViewController.swift in Sources */,
				61D934D0257D09210090E3FC /* HomeViewController.swift in Sources */,
				61CEC42E2584D35200BB38F2 /* Villano.swift in Sources */,
			);
			runOnlyForDeploymentPostprocessing = 0;
		};
/* End PBXSourcesBuildPhase section */

/* Begin PBXVariantGroup section */
		61D934BB257CEF2C0090E3FC /* Main.storyboard */ = {
			isa = PBXVariantGroup;
			children = (
				61D934BC257CEF2C0090E3FC /* Base */,
			);
			name = Main.storyboard;
			sourceTree = "<group>";
		};
		61D934C0257CEF310090E3FC /* LaunchScreen.storyboard */ = {
			isa = PBXVariantGroup;
			children = (
				61D934C1257CEF310090E3FC /* Base */,
			);
			name = LaunchScreen.storyboard;
			sourceTree = "<group>";
		};
/* End PBXVariantGroup section */

/* Begin XCBuildConfiguration section */
		61D934C4257CEF310090E3FC /* Debug */ = {
			isa = XCBuildConfiguration;
			buildSettings = {
				ALWAYS_SEARCH_USER_PATHS = NO;
				CLANG_ANALYZER_NONNULL = YES;
				CLANG_ANALYZER_NUMBER_OBJECT_CONVERSION = YES_AGGRESSIVE;
				CLANG_CXX_LANGUAGE_STANDARD = "gnu++14";
				CLANG_CXX_LIBRARY = "libc++";
				CLANG_ENABLE_MODULES = YES;
				CLANG_ENABLE_OBJC_ARC = YES;
				CLANG_ENABLE_OBJC_WEAK = YES;
				CLANG_WARN_BLOCK_CAPTURE_AUTORELEASING = YES;
				CLANG_WARN_BOOL_CONVERSION = YES;
				CLANG_WARN_COMMA = YES;
				CLANG_WARN_CONSTANT_CONVERSION = YES;
				CLANG_WARN_DEPRECATED_OBJC_IMPLEMENTATIONS = YES;
				CLANG_WARN_DIRECT_OBJC_ISA_USAGE = YES_ERROR;
				CLANG_WARN_DOCUMENTATION_COMMENTS = YES;
				CLANG_WARN_EMPTY_BODY = YES;
				CLANG_WARN_ENUM_CONVERSION = YES;
				CLANG_WARN_INFINITE_RECURSION = YES;
				CLANG_WARN_INT_CONVERSION = YES;
				CLANG_WARN_NON_LITERAL_NULL_CONVERSION = YES;
				CLANG_WARN_OBJC_IMPLICIT_RETAIN_SELF = YES;
				CLANG_WARN_OBJC_LITERAL_CONVERSION = YES;
				CLANG_WARN_OBJC_ROOT_CLASS = YES_ERROR;
				CLANG_WARN_QUOTED_INCLUDE_IN_FRAMEWORK_HEADER = YES;
				CLANG_WARN_RANGE_LOOP_ANALYSIS = YES;
				CLANG_WARN_STRICT_PROTOTYPES = YES;
				CLANG_WARN_SUSPICIOUS_MOVE = YES;
				CLANG_WARN_UNGUARDED_AVAILABILITY = YES_AGGRESSIVE;
				CLANG_WARN_UNREACHABLE_CODE = YES;
				CLANG_WARN__DUPLICATE_METHOD_MATCH = YES;
				COPY_PHASE_STRIP = NO;
				DEBUG_INFORMATION_FORMAT = dwarf;
				ENABLE_STRICT_OBJC_MSGSEND = YES;
				ENABLE_TESTABILITY = YES;
				GCC_C_LANGUAGE_STANDARD = gnu11;
				GCC_DYNAMIC_NO_PIC = NO;
				GCC_NO_COMMON_BLOCKS = YES;
				GCC_OPTIMIZATION_LEVEL = 0;
				GCC_PREPROCESSOR_DEFINITIONS = (
					"DEBUG=1",
					"$(inherited)",
				);
				GCC_WARN_64_TO_32_BIT_CONVERSION = YES;
				GCC_WARN_ABOUT_RETURN_TYPE = YES_ERROR;
				GCC_WARN_UNDECLARED_SELECTOR = YES;
				GCC_WARN_UNINITIALIZED_AUTOS = YES_AGGRESSIVE;
				GCC_WARN_UNUSED_FUNCTION = YES;
				GCC_WARN_UNUSED_VARIABLE = YES;
				IPHONEOS_DEPLOYMENT_TARGET = 14.2;
				MTL_ENABLE_DEBUG_INFO = INCLUDE_SOURCE;
				MTL_FAST_MATH = YES;
				ONLY_ACTIVE_ARCH = YES;
				SDKROOT = iphoneos;
				SWIFT_ACTIVE_COMPILATION_CONDITIONS = DEBUG;
				SWIFT_OPTIMIZATION_LEVEL = "-Onone";
			};
			name = Debug;
		};
		61D934C5257CEF310090E3FC /* Release */ = {
			isa = XCBuildConfiguration;
			buildSettings = {
				ALWAYS_SEARCH_USER_PATHS = NO;
				CLANG_ANALYZER_NONNULL = YES;
				CLANG_ANALYZER_NUMBER_OBJECT_CONVERSION = YES_AGGRESSIVE;
				CLANG_CXX_LANGUAGE_STANDARD = "gnu++14";
				CLANG_CXX_LIBRARY = "libc++";
				CLANG_ENABLE_MODULES = YES;
				CLANG_ENABLE_OBJC_ARC = YES;
				CLANG_ENABLE_OBJC_WEAK = YES;
				CLANG_WARN_BLOCK_CAPTURE_AUTORELEASING = YES;
				CLANG_WARN_BOOL_CONVERSION = YES;
				CLANG_WARN_COMMA = YES;
				CLANG_WARN_CONSTANT_CONVERSION = YES;
				CLANG_WARN_DEPRECATED_OBJC_IMPLEMENTATIONS = YES;
				CLANG_WARN_DIRECT_OBJC_ISA_USAGE = YES_ERROR;
				CLANG_WARN_DOCUMENTATION_COMMENTS = YES;
				CLANG_WARN_EMPTY_BODY = YES;
				CLANG_WARN_ENUM_CONVERSION = YES;
				CLANG_WARN_INFINITE_RECURSION = YES;
				CLANG_WARN_INT_CONVERSION = YES;
				CLANG_WARN_NON_LITERAL_NULL_CONVERSION = YES;
				CLANG_WARN_OBJC_IMPLICIT_RETAIN_SELF = YES;
				CLANG_WARN_OBJC_LITERAL_CONVERSION = YES;
				CLANG_WARN_OBJC_ROOT_CLASS = YES_ERROR;
				CLANG_WARN_QUOTED_INCLUDE_IN_FRAMEWORK_HEADER = YES;
				CLANG_WARN_RANGE_LOOP_ANALYSIS = YES;
				CLANG_WARN_STRICT_PROTOTYPES = YES;
				CLANG_WARN_SUSPICIOUS_MOVE = YES;
				CLANG_WARN_UNGUARDED_AVAILABILITY = YES_AGGRESSIVE;
				CLANG_WARN_UNREACHABLE_CODE = YES;
				CLANG_WARN__DUPLICATE_METHOD_MATCH = YES;
				COPY_PHASE_STRIP = NO;
				DEBUG_INFORMATION_FORMAT = "dwarf-with-dsym";
				ENABLE_NS_ASSERTIONS = NO;
				ENABLE_STRICT_OBJC_MSGSEND = YES;
				GCC_C_LANGUAGE_STANDARD = gnu11;
				GCC_NO_COMMON_BLOCKS = YES;
				GCC_WARN_64_TO_32_BIT_CONVERSION = YES;
				GCC_WARN_ABOUT_RETURN_TYPE = YES_ERROR;
				GCC_WARN_UNDECLARED_SELECTOR = YES;
				GCC_WARN_UNINITIALIZED_AUTOS = YES_AGGRESSIVE;
				GCC_WARN_UNUSED_FUNCTION = YES;
				GCC_WARN_UNUSED_VARIABLE = YES;
				IPHONEOS_DEPLOYMENT_TARGET = 14.2;
				MTL_ENABLE_DEBUG_INFO = NO;
				MTL_FAST_MATH = YES;
				SDKROOT = iphoneos;
				SWIFT_COMPILATION_MODE = wholemodule;
				SWIFT_OPTIMIZATION_LEVEL = "-O";
				VALIDATE_PRODUCT = YES;
			};
			name = Release;
		};
		61D934C7257CEF310090E3FC /* Debug */ = {
			isa = XCBuildConfiguration;
			buildSettings = {
				ASSETCATALOG_COMPILER_APPICON_NAME = AppIcon;
				ASSETCATALOG_COMPILER_GLOBAL_ACCENT_COLOR_NAME = AccentColor;
				CODE_SIGN_STYLE = Automatic;
				INFOPLIST_FILE = Practica_iOS/Info.plist;
				LD_RUNPATH_SEARCH_PATHS = (
					"$(inherited)",
					"@executable_path/Frameworks",
				);
				PRODUCT_BUNDLE_IDENTIFIER = "com.keepcoding.Practica-iOS";
				PRODUCT_NAME = "$(TARGET_NAME)";
				SWIFT_VERSION = 5.0;
				TARGETED_DEVICE_FAMILY = "1,2";
			};
			name = Debug;
		};
		61D934C8257CEF310090E3FC /* Release */ = {
			isa = XCBuildConfiguration;
			buildSettings = {
				ASSETCATALOG_COMPILER_APPICON_NAME = AppIcon;
				ASSETCATALOG_COMPILER_GLOBAL_ACCENT_COLOR_NAME = AccentColor;
				CODE_SIGN_STYLE = Automatic;
				INFOPLIST_FILE = Practica_iOS/Info.plist;
				LD_RUNPATH_SEARCH_PATHS = (
					"$(inherited)",
					"@executable_path/Frameworks",
				);
				PRODUCT_BUNDLE_IDENTIFIER = "com.keepcoding.Practica-iOS";
				PRODUCT_NAME = "$(TARGET_NAME)";
				SWIFT_VERSION = 5.0;
				TARGETED_DEVICE_FAMILY = "1,2";
			};
			name = Release;
		};
/* End XCBuildConfiguration section */

/* Begin XCConfigurationList section */
		61D934AD257CEF2C0090E3FC /* Build configuration list for PBXProject "Practica_iOS" */ = {
			isa = XCConfigurationList;
			buildConfigurations = (
				61D934C4257CEF310090E3FC /* Debug */,
				61D934C5257CEF310090E3FC /* Release */,
			);
			defaultConfigurationIsVisible = 0;
			defaultConfigurationName = Release;
		};
		61D934C6257CEF310090E3FC /* Build configuration list for PBXNativeTarget "Practica_iOS" */ = {
			isa = XCConfigurationList;
			buildConfigurations = (
				61D934C7257CEF310090E3FC /* Debug */,
				61D934C8257CEF310090E3FC /* Release */,
			);
			defaultConfigurationIsVisible = 0;
			defaultConfigurationName = Release;
		};
/* End XCConfigurationList section */
	};
	rootObject = 61D934AA257CEF2C0090E3FC /* Project object */;
}
